// !$*UTF8*$!
{
	archiveVersion = 1;
	classes = {
	};
	objectVersion = 56;
	objects = {

/* Begin PBXBuildFile section */
		DC5FDDF22DF04C7800FAB44F /* silent.mp3 in Resources */ = {isa = PBXBuildFile; fileRef = DC5FDDF12DF04C7800FAB44F /* silent.mp3 */; };
		DC5FDDF42DF4839500FAB44F /* MissionCameraView.swift in Sources */ = {isa = PBXBuildFile; fileRef = DC5FDDF32DF4839500FAB44F /* MissionCameraView.swift */; };
		DC5FDDF62DF4861800FAB44F /* MissionCameraViewModel.swift in Sources */ = {isa = PBXBuildFile; fileRef = DC5FDDF52DF4861800FAB44F /* MissionCameraViewModel.swift */; };
		DC661B862CC566E50039F6CC /* MyAlarmApp.swift in Sources */ = {isa = PBXBuildFile; fileRef = DC661B852CC566E50039F6CC /* MyAlarmApp.swift */; };
		DC661B882CC566E50039F6CC /* ContentView.swift in Sources */ = {isa = PBXBuildFile; fileRef = DC661B872CC566E50039F6CC /* ContentView.swift */; };
		DC661B8A2CC566E60039F6CC /* Assets.xcassets in Resources */ = {isa = PBXBuildFile; fileRef = DC661B892CC566E60039F6CC /* Assets.xcassets */; };
		DC661B8D2CC566E60039F6CC /* Preview Assets.xcassets in Resources */ = {isa = PBXBuildFile; fileRef = DC661B8C2CC566E60039F6CC /* Preview Assets.xcassets */; };
		DC661BB32CF796910039F6CC /* Color+Extensions.swift in Sources */ = {isa = PBXBuildFile; fileRef = DC661BB22CF796910039F6CC /* Color+Extensions.swift */; };
		DC661BB52CF87AB80039F6CC /* AlarmView.swift in Sources */ = {isa = PBXBuildFile; fileRef = DC661BB42CF87AB80039F6CC /* AlarmView.swift */; };
		DC661BB72CF87C490039F6CC /* AlarmEditorView.swift in Sources */ = {isa = PBXBuildFile; fileRef = DC661BB62CF87C490039F6CC /* AlarmEditorView.swift */; };
		DC661BB92CF87E360039F6CC /* Alarm.swift in Sources */ = {isa = PBXBuildFile; fileRef = DC661BB82CF87E360039F6CC /* Alarm.swift */; };
		DC661BBB2CF88E1D0039F6CC /* RepeatView.swift in Sources */ = {isa = PBXBuildFile; fileRef = DC661BBA2CF88E1D0039F6CC /* RepeatView.swift */; };
		DC667B242D1AAC8A00833F41 /* SnoozeView.swift in Sources */ = {isa = PBXBuildFile; fileRef = DC667B232D1AAC8A00833F41 /* SnoozeView.swift */; };
		DC667B282D2AB65200833F41 /* NavigationBarHelper.swift in Sources */ = {isa = PBXBuildFile; fileRef = DC667B272D2AB65200833F41 /* NavigationBarHelper.swift */; };
		DC667B2A2D331B3500833F41 /* CustomDatePicker.swift in Sources */ = {isa = PBXBuildFile; fileRef = DC667B292D331B3500833F41 /* CustomDatePicker.swift */; };
		DC667B2E2D5B77C500833F41 /* AlarmUtils.swift in Sources */ = {isa = PBXBuildFile; fileRef = DC667B2D2D5B77C500833F41 /* AlarmUtils.swift */; };
		DC667B302D646D7B00833F41 /* SoundView.swift in Sources */ = {isa = PBXBuildFile; fileRef = DC667B2F2D646D7B00833F41 /* SoundView.swift */; };
		DC667B392D67DDE100833F41 /* casio.mp3 in Resources */ = {isa = PBXBuildFile; fileRef = DC667B322D67DDE100833F41 /* casio.mp3 */; };
		DC667B3A2D67DDE100833F41 /* warning.mp3 in Resources */ = {isa = PBXBuildFile; fileRef = DC667B332D67DDE100833F41 /* warning.mp3 */; };
		DC667B3B2D67DDE100833F41 /* bell.mp3 in Resources */ = {isa = PBXBuildFile; fileRef = DC667B342D67DDE100833F41 /* bell.mp3 */; };
		DC667B3C2D67DDE100833F41 /* centaurus.mp3 in Resources */ = {isa = PBXBuildFile; fileRef = DC667B352D67DDE100833F41 /* centaurus.mp3 */; };
		DC667B3D2D67DDE100833F41 /* digital.mp3 in Resources */ = {isa = PBXBuildFile; fileRef = DC667B362D67DDE100833F41 /* digital.mp3 */; };
		DC667B3E2D67DDE100833F41 /* beep.mp3 in Resources */ = {isa = PBXBuildFile; fileRef = DC667B372D67DDE100833F41 /* beep.mp3 */; };
		DC667B3F2D67DDE100833F41 /* threat.mp3 in Resources */ = {isa = PBXBuildFile; fileRef = DC667B382D67DDE100833F41 /* threat.mp3 */; };
		DC667B432D91C41D00833F41 /* AlarmRingingView.swift in Sources */ = {isa = PBXBuildFile; fileRef = DC667B422D91C41D00833F41 /* AlarmRingingView.swift */; };
		DC667B452DA2AA4400833F41 /* NotificationManager.swift in Sources */ = {isa = PBXBuildFile; fileRef = DC667B442DA2AA4300833F41 /* NotificationManager.swift */; };
		DC667B472DA8303900833F41 /* AlarmBannerManager.swift in Sources */ = {isa = PBXBuildFile; fileRef = DC667B462DA8303900833F41 /* AlarmBannerManager.swift */; };
		DC667B4B2DAF95CC00833F41 /* SnoozedAlarmManager.swift in Sources */ = {isa = PBXBuildFile; fileRef = DC667B4A2DAF95CC00833F41 /* SnoozedAlarmManager.swift */; };
		DC667B512DB7C58A00833F41 /* MissionView.swift in Sources */ = {isa = PBXBuildFile; fileRef = DC667B502DB7C58A00833F41 /* MissionView.swift */; };
		DC85FA6E2DC268C000CE78DB /* MobileNetV2FP16.mlmodel in Sources */ = {isa = PBXBuildFile; fileRef = DC85FA6D2DC268C000CE78DB /* MobileNetV2FP16.mlmodel */; };
/* End PBXBuildFile section */

/* Begin PBXFileReference section */
		DC5FDDF12DF04C7800FAB44F /* silent.mp3 */ = {isa = PBXFileReference; lastKnownFileType = audio.mp3; path = silent.mp3; sourceTree = "<group>"; };
		DC5FDDF32DF4839500FAB44F /* MissionCameraView.swift */ = {isa = PBXFileReference; lastKnownFileType = sourcecode.swift; path = MissionCameraView.swift; sourceTree = "<group>"; };
		DC5FDDF52DF4861800FAB44F /* MissionCameraViewModel.swift */ = {isa = PBXFileReference; lastKnownFileType = sourcecode.swift; path = MissionCameraViewModel.swift; sourceTree = "<group>"; };
		DC661B822CC566E50039F6CC /* MyAlarm.app */ = {isa = PBXFileReference; explicitFileType = wrapper.application; includeInIndex = 0; path = MyAlarm.app; sourceTree = BUILT_PRODUCTS_DIR; };
		DC661B852CC566E50039F6CC /* MyAlarmApp.swift */ = {isa = PBXFileReference; lastKnownFileType = sourcecode.swift; path = MyAlarmApp.swift; sourceTree = "<group>"; };
		DC661B872CC566E50039F6CC /* ContentView.swift */ = {isa = PBXFileReference; lastKnownFileType = sourcecode.swift; path = ContentView.swift; sourceTree = "<group>"; };
		DC661B892CC566E60039F6CC /* Assets.xcassets */ = {isa = PBXFileReference; lastKnownFileType = folder.assetcatalog; path = Assets.xcassets; sourceTree = "<group>"; };
		DC661B8C2CC566E60039F6CC /* Preview Assets.xcassets */ = {isa = PBXFileReference; lastKnownFileType = folder.assetcatalog; path = "Preview Assets.xcassets"; sourceTree = "<group>"; };
		DC661BB22CF796910039F6CC /* Color+Extensions.swift */ = {isa = PBXFileReference; lastKnownFileType = sourcecode.swift; path = "Color+Extensions.swift"; sourceTree = "<group>"; };
		DC661BB42CF87AB80039F6CC /* AlarmView.swift */ = {isa = PBXFileReference; lastKnownFileType = sourcecode.swift; path = AlarmView.swift; sourceTree = "<group>"; };
		DC661BB62CF87C490039F6CC /* AlarmEditorView.swift */ = {isa = PBXFileReference; lastKnownFileType = sourcecode.swift; path = AlarmEditorView.swift; sourceTree = "<group>"; };
		DC661BB82CF87E360039F6CC /* Alarm.swift */ = {isa = PBXFileReference; lastKnownFileType = sourcecode.swift; path = Alarm.swift; sourceTree = "<group>"; };
		DC661BBA2CF88E1D0039F6CC /* RepeatView.swift */ = {isa = PBXFileReference; lastKnownFileType = sourcecode.swift; path = RepeatView.swift; sourceTree = "<group>"; };
		DC667B232D1AAC8A00833F41 /* SnoozeView.swift */ = {isa = PBXFileReference; lastKnownFileType = sourcecode.swift; path = SnoozeView.swift; sourceTree = "<group>"; };
		DC667B272D2AB65200833F41 /* NavigationBarHelper.swift */ = {isa = PBXFileReference; lastKnownFileType = sourcecode.swift; path = NavigationBarHelper.swift; sourceTree = "<group>"; };
		DC667B292D331B3500833F41 /* CustomDatePicker.swift */ = {isa = PBXFileReference; lastKnownFileType = sourcecode.swift; path = CustomDatePicker.swift; sourceTree = "<group>"; };
		DC667B2D2D5B77C500833F41 /* AlarmUtils.swift */ = {isa = PBXFileReference; lastKnownFileType = sourcecode.swift; path = AlarmUtils.swift; sourceTree = "<group>"; };
		DC667B2F2D646D7B00833F41 /* SoundView.swift */ = {isa = PBXFileReference; lastKnownFileType = sourcecode.swift; path = SoundView.swift; sourceTree = "<group>"; };
		DC667B322D67DDE100833F41 /* casio.mp3 */ = {isa = PBXFileReference; lastKnownFileType = audio.mp3; path = casio.mp3; sourceTree = "<group>"; };
		DC667B332D67DDE100833F41 /* warning.mp3 */ = {isa = PBXFileReference; lastKnownFileType = audio.mp3; path = warning.mp3; sourceTree = "<group>"; };
		DC667B342D67DDE100833F41 /* bell.mp3 */ = {isa = PBXFileReference; lastKnownFileType = audio.mp3; path = bell.mp3; sourceTree = "<group>"; };
		DC667B352D67DDE100833F41 /* centaurus.mp3 */ = {isa = PBXFileReference; lastKnownFileType = audio.mp3; path = centaurus.mp3; sourceTree = "<group>"; };
		DC667B362D67DDE100833F41 /* digital.mp3 */ = {isa = PBXFileReference; lastKnownFileType = audio.mp3; path = digital.mp3; sourceTree = "<group>"; };
		DC667B372D67DDE100833F41 /* beep.mp3 */ = {isa = PBXFileReference; lastKnownFileType = audio.mp3; path = beep.mp3; sourceTree = "<group>"; };
		DC667B382D67DDE100833F41 /* threat.mp3 */ = {isa = PBXFileReference; lastKnownFileType = audio.mp3; path = threat.mp3; sourceTree = "<group>"; };
		DC667B422D91C41D00833F41 /* AlarmRingingView.swift */ = {isa = PBXFileReference; lastKnownFileType = sourcecode.swift; path = AlarmRingingView.swift; sourceTree = "<group>"; };
		DC667B442DA2AA4300833F41 /* NotificationManager.swift */ = {isa = PBXFileReference; lastKnownFileType = sourcecode.swift; path = NotificationManager.swift; sourceTree = "<group>"; };
		DC667B462DA8303900833F41 /* AlarmBannerManager.swift */ = {isa = PBXFileReference; lastKnownFileType = sourcecode.swift; path = AlarmBannerManager.swift; sourceTree = "<group>"; };
		DC667B4A2DAF95CC00833F41 /* SnoozedAlarmManager.swift */ = {isa = PBXFileReference; lastKnownFileType = sourcecode.swift; path = SnoozedAlarmManager.swift; sourceTree = "<group>"; };
		DC667B502DB7C58A00833F41 /* MissionView.swift */ = {isa = PBXFileReference; lastKnownFileType = sourcecode.swift; path = MissionView.swift; sourceTree = "<group>"; };
		DC85FA6D2DC268C000CE78DB /* MobileNetV2FP16.mlmodel */ = {isa = PBXFileReference; lastKnownFileType = file.mlmodel; path = MobileNetV2FP16.mlmodel; sourceTree = "<group>"; };
/* End PBXFileReference section */

/* Begin PBXFrameworksBuildPhase section */
		DC661B7F2CC566E50039F6CC /* Frameworks */ = {
			isa = PBXFrameworksBuildPhase;
			buildActionMask = 2147483647;
			files = (
			);
			runOnlyForDeploymentPostprocessing = 0;
		};
/* End PBXFrameworksBuildPhase section */

/* Begin PBXGroup section */
		DC661B792CC566E50039F6CC = {
			isa = PBXGroup;
			children = (
				DC661B842CC566E50039F6CC /* MyAlarm */,
				DC661B832CC566E50039F6CC /* Products */,
			);
			sourceTree = "<group>";
		};
		DC661B832CC566E50039F6CC /* Products */ = {
			isa = PBXGroup;
			children = (
				DC661B822CC566E50039F6CC /* MyAlarm.app */,
			);
			name = Products;
			sourceTree = "<group>";
		};
		DC661B842CC566E50039F6CC /* MyAlarm */ = {
			isa = PBXGroup;
			children = (
				DC661B852CC566E50039F6CC /* MyAlarmApp.swift */,
				DC661BB82CF87E360039F6CC /* Alarm.swift */,
				DC661BB42CF87AB80039F6CC /* AlarmView.swift */,
				DC661BB62CF87C490039F6CC /* AlarmEditorView.swift */,
				DC661B872CC566E50039F6CC /* ContentView.swift */,
				DC661BBA2CF88E1D0039F6CC /* RepeatView.swift */,
				DC667B2F2D646D7B00833F41 /* SoundView.swift */,
				DC667B232D1AAC8A00833F41 /* SnoozeView.swift */,
				DC667B502DB7C58A00833F41 /* MissionView.swift */,
				DC667B2D2D5B77C500833F41 /* AlarmUtils.swift */,
				DC661B892CC566E60039F6CC /* Assets.xcassets */,
				DC667B312D67DCB200833F41 /* AlarmSounds */,
				DC661B8B2CC566E60039F6CC /* Preview Content */,
				DC667B422D91C41D00833F41 /* AlarmRingingView.swift */,
				DC667B442DA2AA4300833F41 /* NotificationManager.swift */,
				DC667B462DA8303900833F41 /* AlarmBannerManager.swift */,
				DC667B4A2DAF95CC00833F41 /* SnoozedAlarmManager.swift */,
				DC667B292D331B3500833F41 /* CustomDatePicker.swift */,
				DC661BB22CF796910039F6CC /* Color+Extensions.swift */,
				DC667B272D2AB65200833F41 /* NavigationBarHelper.swift */,
				DC85FA6D2DC268C000CE78DB /* MobileNetV2FP16.mlmodel */,
				DC5FDDF32DF4839500FAB44F /* MissionCameraView.swift */,
				DC5FDDF52DF4861800FAB44F /* MissionCameraViewModel.swift */,
			);
			path = MyAlarm;
			sourceTree = "<group>";
		};
		DC661B8B2CC566E60039F6CC /* Preview Content */ = {
			isa = PBXGroup;
			children = (
				DC661B8C2CC566E60039F6CC /* Preview Assets.xcassets */,
			);
			path = "Preview Content";
			sourceTree = "<group>";
		};
		DC667B312D67DCB200833F41 /* AlarmSounds */ = {
			isa = PBXGroup;
			children = (
				DC667B372D67DDE100833F41 /* beep.mp3 */,
				DC667B342D67DDE100833F41 /* bell.mp3 */,
				DC667B322D67DDE100833F41 /* casio.mp3 */,
				DC667B352D67DDE100833F41 /* centaurus.mp3 */,
				DC667B362D67DDE100833F41 /* digital.mp3 */,
				DC667B382D67DDE100833F41 /* threat.mp3 */,
				DC667B332D67DDE100833F41 /* warning.mp3 */,
				DC5FDDF12DF04C7800FAB44F /* silent.mp3 */,
			);
			path = AlarmSounds;
			sourceTree = "<group>";
		};
/* End PBXGroup section */

/* Begin PBXNativeTarget section */
		DC661B812CC566E50039F6CC /* MyAlarm */ = {
			isa = PBXNativeTarget;
			buildConfigurationList = DC661B902CC566E60039F6CC /* Build configuration list for PBXNativeTarget "MyAlarm" */;
			buildPhases = (
				DC661B7E2CC566E50039F6CC /* Sources */,
				DC661B7F2CC566E50039F6CC /* Frameworks */,
				DC661B802CC566E50039F6CC /* Resources */,
			);
			buildRules = (
			);
			dependencies = (
			);
			name = MyAlarm;
			productName = MyAlarm;
			productReference = DC661B822CC566E50039F6CC /* MyAlarm.app */;
			productType = "com.apple.product-type.application";
		};
/* End PBXNativeTarget section */

/* Begin PBXProject section */
		DC661B7A2CC566E50039F6CC /* Project object */ = {
			isa = PBXProject;
			attributes = {
				BuildIndependentTargetsInParallel = 1;
				LastSwiftUpdateCheck = 1540;
				LastUpgradeCheck = 1540;
				TargetAttributes = {
					DC661B812CC566E50039F6CC = {
						CreatedOnToolsVersion = 15.4;
					};
				};
			};
			buildConfigurationList = DC661B7D2CC566E50039F6CC /* Build configuration list for PBXProject "MyAlarm" */;
			compatibilityVersion = "Xcode 14.0";
			developmentRegion = en;
			hasScannedForEncodings = 0;
			knownRegions = (
				en,
				Base,
			);
			mainGroup = DC661B792CC566E50039F6CC;
			productRefGroup = DC661B832CC566E50039F6CC /* Products */;
			projectDirPath = "";
			projectRoot = "";
			targets = (
				DC661B812CC566E50039F6CC /* MyAlarm */,
			);
		};
/* End PBXProject section */

/* Begin PBXResourcesBuildPhase section */
		DC661B802CC566E50039F6CC /* Resources */ = {
			isa = PBXResourcesBuildPhase;
			buildActionMask = 2147483647;
			files = (
				DC667B3F2D67DDE100833F41 /* threat.mp3 in Resources */,
				DC661B8D2CC566E60039F6CC /* Preview Assets.xcassets in Resources */,
				DC667B3B2D67DDE100833F41 /* bell.mp3 in Resources */,
				DC5FDDF22DF04C7800FAB44F /* silent.mp3 in Resources */,
				DC667B3E2D67DDE100833F41 /* beep.mp3 in Resources */,
				DC667B3D2D67DDE100833F41 /* digital.mp3 in Resources */,
				DC667B392D67DDE100833F41 /* casio.mp3 in Resources */,
				DC661B8A2CC566E60039F6CC /* Assets.xcassets in Resources */,
				DC667B3A2D67DDE100833F41 /* warning.mp3 in Resources */,
				DC667B3C2D67DDE100833F41 /* centaurus.mp3 in Resources */,
			);
			runOnlyForDeploymentPostprocessing = 0;
		};
/* End PBXResourcesBuildPhase section */

/* Begin PBXSourcesBuildPhase section */
		DC661B7E2CC566E50039F6CC /* Sources */ = {
			isa = PBXSourcesBuildPhase;
			buildActionMask = 2147483647;
			files = (
				DC667B2A2D331B3500833F41 /* CustomDatePicker.swift in Sources */,
				DC661B882CC566E50039F6CC /* ContentView.swift in Sources */,
				DC5FDDF62DF4861800FAB44F /* MissionCameraViewModel.swift in Sources */,
				DC667B302D646D7B00833F41 /* SoundView.swift in Sources */,
				DC85FA6E2DC268C000CE78DB /* MobileNetV2FP16.mlmodel in Sources */,
				DC661B862CC566E50039F6CC /* MyAlarmApp.swift in Sources */,
				DC667B452DA2AA4400833F41 /* NotificationManager.swift in Sources */,
				DC5FDDF42DF4839500FAB44F /* MissionCameraView.swift in Sources */,
				DC667B432D91C41D00833F41 /* AlarmRingingView.swift in Sources */,
				DC661BBB2CF88E1D0039F6CC /* RepeatView.swift in Sources */,
				DC661BB72CF87C490039F6CC /* AlarmEditorView.swift in Sources */,
				DC667B242D1AAC8A00833F41 /* SnoozeView.swift in Sources */,
				DC661BB92CF87E360039F6CC /* Alarm.swift in Sources */,
				DC661BB52CF87AB80039F6CC /* AlarmView.swift in Sources */,
				DC667B282D2AB65200833F41 /* NavigationBarHelper.swift in Sources */,
				DC667B2E2D5B77C500833F41 /* AlarmUtils.swift in Sources */,
				DC667B512DB7C58A00833F41 /* MissionView.swift in Sources */,
				DC667B472DA8303900833F41 /* AlarmBannerManager.swift in Sources */,
				DC667B4B2DAF95CC00833F41 /* SnoozedAlarmManager.swift in Sources */,
				DC661BB32CF796910039F6CC /* Color+Extensions.swift in Sources */,
			);
			runOnlyForDeploymentPostprocessing = 0;
		};
/* End PBXSourcesBuildPhase section */

/* Begin XCBuildConfiguration section */
		DC661B8E2CC566E60039F6CC /* Debug */ = {
			isa = XCBuildConfiguration;
			buildSettings = {
				ALWAYS_SEARCH_USER_PATHS = NO;
				ASSETCATALOG_COMPILER_GENERATE_SWIFT_ASSET_SYMBOL_EXTENSIONS = YES;
				CLANG_ANALYZER_NONNULL = YES;
				CLANG_ANALYZER_NUMBER_OBJECT_CONVERSION = YES_AGGRESSIVE;
				CLANG_CXX_LANGUAGE_STANDARD = "gnu++20";
				CLANG_ENABLE_MODULES = YES;
				CLANG_ENABLE_OBJC_ARC = YES;
				CLANG_ENABLE_OBJC_WEAK = YES;
				CLANG_WARN_BLOCK_CAPTURE_AUTORELEASING = YES;
				CLANG_WARN_BOOL_CONVERSION = YES;
				CLANG_WARN_COMMA = YES;
				CLANG_WARN_CONSTANT_CONVERSION = YES;
				CLANG_WARN_DEPRECATED_OBJC_IMPLEMENTATIONS = YES;
				CLANG_WARN_DIRECT_OBJC_ISA_USAGE = YES_ERROR;
				CLANG_WARN_DOCUMENTATION_COMMENTS = YES;
				CLANG_WARN_EMPTY_BODY = YES;
				CLANG_WARN_ENUM_CONVERSION = YES;
				CLANG_WARN_INFINITE_RECURSION = YES;
				CLANG_WARN_INT_CONVERSION = YES;
				CLANG_WARN_NON_LITERAL_NULL_CONVERSION = YES;
				CLANG_WARN_OBJC_IMPLICIT_RETAIN_SELF = YES;
				CLANG_WARN_OBJC_LITERAL_CONVERSION = YES;
				CLANG_WARN_OBJC_ROOT_CLASS = YES_ERROR;
				CLANG_WARN_QUOTED_INCLUDE_IN_FRAMEWORK_HEADER = YES;
				CLANG_WARN_RANGE_LOOP_ANALYSIS = YES;
				CLANG_WARN_STRICT_PROTOTYPES = YES;
				CLANG_WARN_SUSPICIOUS_MOVE = YES;
				CLANG_WARN_UNGUARDED_AVAILABILITY = YES_AGGRESSIVE;
				CLANG_WARN_UNREACHABLE_CODE = YES;
				CLANG_WARN__DUPLICATE_METHOD_MATCH = YES;
				COPY_PHASE_STRIP = NO;
				DEBUG_INFORMATION_FORMAT = dwarf;
				ENABLE_STRICT_OBJC_MSGSEND = YES;
				ENABLE_TESTABILITY = YES;
				ENABLE_USER_SCRIPT_SANDBOXING = YES;
				GCC_C_LANGUAGE_STANDARD = gnu17;
				GCC_DYNAMIC_NO_PIC = NO;
				GCC_NO_COMMON_BLOCKS = YES;
				GCC_OPTIMIZATION_LEVEL = 0;
				GCC_PREPROCESSOR_DEFINITIONS = (
					"DEBUG=1",
					"$(inherited)",
				);
				GCC_WARN_64_TO_32_BIT_CONVERSION = YES;
				GCC_WARN_ABOUT_RETURN_TYPE = YES_ERROR;
				GCC_WARN_UNDECLARED_SELECTOR = YES;
				GCC_WARN_UNINITIALIZED_AUTOS = YES_AGGRESSIVE;
				GCC_WARN_UNUSED_FUNCTION = YES;
				GCC_WARN_UNUSED_VARIABLE = YES;
				IPHONEOS_DEPLOYMENT_TARGET = 17.5;
				LOCALIZATION_PREFERS_STRING_CATALOGS = YES;
				MTL_ENABLE_DEBUG_INFO = INCLUDE_SOURCE;
				MTL_FAST_MATH = YES;
				ONLY_ACTIVE_ARCH = YES;
				SDKROOT = iphoneos;
				SWIFT_ACTIVE_COMPILATION_CONDITIONS = "DEBUG $(inherited)";
				SWIFT_OPTIMIZATION_LEVEL = "-Onone";
			};
			name = Debug;
		};
		DC661B8F2CC566E60039F6CC /* Release */ = {
			isa = XCBuildConfiguration;
			buildSettings = {
				ALWAYS_SEARCH_USER_PATHS = NO;
				ASSETCATALOG_COMPILER_GENERATE_SWIFT_ASSET_SYMBOL_EXTENSIONS = YES;
				CLANG_ANALYZER_NONNULL = YES;
				CLANG_ANALYZER_NUMBER_OBJECT_CONVERSION = YES_AGGRESSIVE;
				CLANG_CXX_LANGUAGE_STANDARD = "gnu++20";
				CLANG_ENABLE_MODULES = YES;
				CLANG_ENABLE_OBJC_ARC = YES;
				CLANG_ENABLE_OBJC_WEAK = YES;
				CLANG_WARN_BLOCK_CAPTURE_AUTORELEASING = YES;
				CLANG_WARN_BOOL_CONVERSION = YES;
				CLANG_WARN_COMMA = YES;
				CLANG_WARN_CONSTANT_CONVERSION = YES;
				CLANG_WARN_DEPRECATED_OBJC_IMPLEMENTATIONS = YES;
				CLANG_WARN_DIRECT_OBJC_ISA_USAGE = YES_ERROR;
				CLANG_WARN_DOCUMENTATION_COMMENTS = YES;
				CLANG_WARN_EMPTY_BODY = YES;
				CLANG_WARN_ENUM_CONVERSION = YES;
				CLANG_WARN_INFINITE_RECURSION = YES;
				CLANG_WARN_INT_CONVERSION = YES;
				CLANG_WARN_NON_LITERAL_NULL_CONVERSION = YES;
				CLANG_WARN_OBJC_IMPLICIT_RETAIN_SELF = YES;
				CLANG_WARN_OBJC_LITERAL_CONVERSION = YES;
				CLANG_WARN_OBJC_ROOT_CLASS = YES_ERROR;
				CLANG_WARN_QUOTED_INCLUDE_IN_FRAMEWORK_HEADER = YES;
				CLANG_WARN_RANGE_LOOP_ANALYSIS = YES;
				CLANG_WARN_STRICT_PROTOTYPES = YES;
				CLANG_WARN_SUSPICIOUS_MOVE = YES;
				CLANG_WARN_UNGUARDED_AVAILABILITY = YES_AGGRESSIVE;
				CLANG_WARN_UNREACHABLE_CODE = YES;
				CLANG_WARN__DUPLICATE_METHOD_MATCH = YES;
				COPY_PHASE_STRIP = NO;
				DEBUG_INFORMATION_FORMAT = "dwarf-with-dsym";
				ENABLE_NS_ASSERTIONS = NO;
				ENABLE_STRICT_OBJC_MSGSEND = YES;
				ENABLE_USER_SCRIPT_SANDBOXING = YES;
				GCC_C_LANGUAGE_STANDARD = gnu17;
				GCC_NO_COMMON_BLOCKS = YES;
				GCC_WARN_64_TO_32_BIT_CONVERSION = YES;
				GCC_WARN_ABOUT_RETURN_TYPE = YES_ERROR;
				GCC_WARN_UNDECLARED_SELECTOR = YES;
				GCC_WARN_UNINITIALIZED_AUTOS = YES_AGGRESSIVE;
				GCC_WARN_UNUSED_FUNCTION = YES;
				GCC_WARN_UNUSED_VARIABLE = YES;
				IPHONEOS_DEPLOYMENT_TARGET = 17.5;
				LOCALIZATION_PREFERS_STRING_CATALOGS = YES;
				MTL_ENABLE_DEBUG_INFO = NO;
				MTL_FAST_MATH = YES;
				SDKROOT = iphoneos;
				SWIFT_COMPILATION_MODE = wholemodule;
				VALIDATE_PRODUCT = YES;
			};
			name = Release;
		};
		DC661B912CC566E60039F6CC /* Debug */ = {
			isa = XCBuildConfiguration;
			buildSettings = {
				ASSETCATALOG_COMPILER_APPICON_NAME = AppIcon;
				ASSETCATALOG_COMPILER_GLOBAL_ACCENT_COLOR_NAME = AccentColor;
				CODE_SIGN_STYLE = Automatic;
				CURRENT_PROJECT_VERSION = 1;
				DEVELOPMENT_ASSET_PATHS = "\"MyAlarm/Preview Content\"";
				DEVELOPMENT_TEAM = D2B56D3PCB;
				ENABLE_PREVIEWS = YES;
				GENERATE_INFOPLIST_FILE = YES;
				INFOPLIST_KEY_UIApplicationSceneManifest_Generation = YES;
				INFOPLIST_KEY_UIApplicationSupportsIndirectInputEvents = YES;
				INFOPLIST_KEY_UILaunchScreen_Generation = YES;
				INFOPLIST_KEY_UISupportedInterfaceOrientations_iPad = "UIInterfaceOrientationPortrait UIInterfaceOrientationPortraitUpsideDown UIInterfaceOrientationLandscapeLeft UIInterfaceOrientationLandscapeRight";
				INFOPLIST_KEY_UISupportedInterfaceOrientations_iPhone = "UIInterfaceOrientationPortrait UIInterfaceOrientationLandscapeLeft UIInterfaceOrientationLandscapeRight";
				LD_RUNPATH_SEARCH_PATHS = (
					"$(inherited)",
					"@executable_path/Frameworks",
				);
				MARKETING_VERSION = 1.0;
				PRODUCT_BUNDLE_IDENTIFIER = com.raifagovic.MyAlarm;
				PRODUCT_NAME = "$(TARGET_NAME)";
				SWIFT_EMIT_LOC_STRINGS = YES;
				SWIFT_VERSION = 5.0;
				TARGETED_DEVICE_FAMILY = "1,2";
			};
			name = Debug;
		};
		DC661B922CC566E60039F6CC /* Release */ = {
			isa = XCBuildConfiguration;
			buildSettings = {
				ASSETCATALOG_COMPILER_APPICON_NAME = AppIcon;
				ASSETCATALOG_COMPILER_GLOBAL_ACCENT_COLOR_NAME = AccentColor;
				CODE_SIGN_STYLE = Automatic;
				CURRENT_PROJECT_VERSION = 1;
				DEVELOPMENT_ASSET_PATHS = "\"MyAlarm/Preview Content\"";
				DEVELOPMENT_TEAM = D2B56D3PCB;
				ENABLE_PREVIEWS = YES;
				GENERATE_INFOPLIST_FILE = YES;
				INFOPLIST_KEY_UIApplicationSceneManifest_Generation = YES;
				INFOPLIST_KEY_UIApplicationSupportsIndirectInputEvents = YES;
				INFOPLIST_KEY_UILaunchScreen_Generation = YES;
				INFOPLIST_KEY_UISupportedInterfaceOrientations_iPad = "UIInterfaceOrientationPortrait UIInterfaceOrientationPortraitUpsideDown UIInterfaceOrientationLandscapeLeft UIInterfaceOrientationLandscapeRight";
				INFOPLIST_KEY_UISupportedInterfaceOrientations_iPhone = "UIInterfaceOrientationPortrait UIInterfaceOrientationLandscapeLeft UIInterfaceOrientationLandscapeRight";
				LD_RUNPATH_SEARCH_PATHS = (
					"$(inherited)",
					"@executable_path/Frameworks",
				);
				MARKETING_VERSION = 1.0;
				PRODUCT_BUNDLE_IDENTIFIER = com.raifagovic.MyAlarm;
				PRODUCT_NAME = "$(TARGET_NAME)";
				SWIFT_EMIT_LOC_STRINGS = YES;
				SWIFT_VERSION = 5.0;
				TARGETED_DEVICE_FAMILY = "1,2";
			};
			name = Release;
		};
/* End XCBuildConfiguration section */

/* Begin XCConfigurationList section */
		DC661B7D2CC566E50039F6CC /* Build configuration list for PBXProject "MyAlarm" */ = {
			isa = XCConfigurationList;
			buildConfigurations = (
				DC661B8E2CC566E60039F6CC /* Debug */,
				DC661B8F2CC566E60039F6CC /* Release */,
			);
			defaultConfigurationIsVisible = 0;
			defaultConfigurationName = Release;
		};
		DC661B902CC566E60039F6CC /* Build configuration list for PBXNativeTarget "MyAlarm" */ = {
			isa = XCConfigurationList;
			buildConfigurations = (
				DC661B912CC566E60039F6CC /* Debug */,
				DC661B922CC566E60039F6CC /* Release */,
			);
			defaultConfigurationIsVisible = 0;
			defaultConfigurationName = Release;
		};
/* End XCConfigurationList section */
	};
	rootObject = DC661B7A2CC566E50039F6CC /* Project object */;
}
